DEPENDENCIES
  nginx_proxy
    git: https://github.com/cbaker-sparta/nginx-reverse_proxy.git
    revision: d3f64d076d47cbd02766a0e3e41809fe91d09cd2
  snu_python
    git: https://github.com/socrata-cookbooks/snu_python.git
    revision: 0aaeb86d22c0a028f9fec9ffa9cc185081bf5e66
  uber-app
    path: .
    metadata: true

GRAPH
  build-essential (8.2.1)
    mingw (>= 1.1)
    seven_zip (>= 0.0.0)
  mingw (2.1.0)
    seven_zip (>= 0.0.0)
  nginx (9.0.0)
    build-essential (>= 5.0)
    ohai (>= 4.1.0)
    yum-epel (>= 0.0.0)
  nginx_proxy (0.1.0)
    build-essential (>= 5.0)
    nginx (>= 0.0.0)
    ohai (>= 4.1.0)
    yum-epel (>= 0.0.0)
  ohai (5.2.5)
  poise (2.8.2)
  poise-archive (1.5.0)
    poise (~> 2.6)
  poise-languages (2.1.2)
    poise (~> 2.5)
    poise-archive (~> 1.0)
  poise-python (1.7.0)
    poise (~> 2.7)
    poise-languages (~> 2.0)
  seven_zip (3.1.1)
    windows (>= 0.0.0)
  snu_python (1.1.4)
    poise-python (>= 0.0.0)
  uber-app (0.1.0)
    nginx_proxy (>= 0.0.0)
    snu_python (>= 0.0.0)
  windows (6.0.0)
  yum-epel (3.3.0)
